
Microsoft Visual Studio Solution File, Format Version 12.00
# Visual Studio Version 17
VisualStudioVersion = 17.3.32901.215
MinimumVisualStudioVersion = 10.0.40219.1
Project("{FAE04EC0-301F-11D3-BF4B-00C04F79EFBC}") = "Tarea2_Progra2_JoseChan", "Tarea2_Progra2_JoseChan.csproj", "{6C7B5B93-1C4C-4DDB-AA22-AFAC456DE467}"
EndProject
Global
	GlobalSection(SolutionConfigurationPlatforms) = preSolution
		Debug|Any CPU = Debug|Any CPU
		Release|Any CPU = Release|Any CPU
	EndGlobalSection
	GlobalSection(ProjectConfigurationPlatforms) = postSolution
		{6C7B5B93-1C4C-4DDB-AA22-AFAC456DE467}.Debug|Any CPU.ActiveCfg = Debug|Any CPU
		{6C7B5B93-1C4C-4DDB-AA22-AFAC456DE467}.Debug|Any CPU.Build.0 = Debug|Any CPU
		{6C7B5B93-1C4C-4DDB-AA22-AFAC456DE467}.Release|Any CPU.ActiveCfg = Release|Any CPU
		{6C7B5B93-1C4C-4DDB-AA22-AFAC456DE467}.Release|Any CPU.Build.0 = Release|Any CPU
	EndGlobalSection
	GlobalSection(SolutionProperties) = preSolution
		HideSolutionNode = FALSE
	EndGlobalSection
	GlobalSection(ExtensibilityGlobals) = postSolution
		SolutionGuid = {FF3C7816-11A4-423C-A4D7-4546C2BFD3F9}
	EndGlobalSection
EndGlobal
